
Microsoft Visual Studio Solution File, Format Version 12.00
# Visual Studio Version 17
VisualStudioVersion = 17.8.34330.188
MinimumVisualStudioVersion = 10.0.40219.1
Project("{FAE04EC0-301F-11D3-BF4B-00C04F79EFBC}") = "FriendlyCode.Mvc", "FriendlyCode.Mvc\FriendlyCode.Mvc.csproj", "{11BC1B5D-2265-4690-B3C8-49D2709677D0}"
EndProject
Project("{FAE04EC0-301F-11D3-BF4B-00C04F79EFBC}") = "FriendlyCode.Business", "FriendlyCode.Business\FriendlyCode.Business.csproj", "{11C5692E-766A-4241-B9EE-F7F069E78FD2}"
EndProject
Project("{FAE04EC0-301F-11D3-BF4B-00C04F79EFBC}") = "FriendlyCode.Data", "FriendlyCode.Data\FriendlyCode.Data.csproj", "{CFC6F788-0806-4455-A9B8-263C232234CD}"
EndProject
Project("{FAE04EC0-301F-11D3-BF4B-00C04F79EFBC}") = "FriendlyCode.Entity", "FriendlyCode.Entity\FriendlyCode.Entity.csproj", "{863FA516-3AE4-4033-86EB-5D3DD92F12CE}"
EndProject
Project("{FAE04EC0-301F-11D3-BF4B-00C04F79EFBC}") = "FriendlyCode.Core", "FriendlyCode.Core\FriendlyCode.Core.csproj", "{3027BD13-9AA3-4DBE-A757-9120963D3838}"
EndProject
Global
	GlobalSection(SolutionConfigurationPlatforms) = preSolution
		Debug|Any CPU = Debug|Any CPU
		Release|Any CPU = Release|Any CPU
	EndGlobalSection
	GlobalSection(ProjectConfigurationPlatforms) = postSolution
		{11BC1B5D-2265-4690-B3C8-49D2709677D0}.Debug|Any CPU.ActiveCfg = Debug|Any CPU
		{11BC1B5D-2265-4690-B3C8-49D2709677D0}.Debug|Any CPU.Build.0 = Debug|Any CPU
		{11BC1B5D-2265-4690-B3C8-49D2709677D0}.Release|Any CPU.ActiveCfg = Release|Any CPU
		{11BC1B5D-2265-4690-B3C8-49D2709677D0}.Release|Any CPU.Build.0 = Release|Any CPU
		{11C5692E-766A-4241-B9EE-F7F069E78FD2}.Debug|Any CPU.ActiveCfg = Debug|Any CPU
		{11C5692E-766A-4241-B9EE-F7F069E78FD2}.Debug|Any CPU.Build.0 = Debug|Any CPU
		{11C5692E-766A-4241-B9EE-F7F069E78FD2}.Release|Any CPU.ActiveCfg = Release|Any CPU
		{11C5692E-766A-4241-B9EE-F7F069E78FD2}.Release|Any CPU.Build.0 = Release|Any CPU
		{CFC6F788-0806-4455-A9B8-263C232234CD}.Debug|Any CPU.ActiveCfg = Debug|Any CPU
		{CFC6F788-0806-4455-A9B8-263C232234CD}.Debug|Any CPU.Build.0 = Debug|Any CPU
		{CFC6F788-0806-4455-A9B8-263C232234CD}.Release|Any CPU.ActiveCfg = Release|Any CPU
		{CFC6F788-0806-4455-A9B8-263C232234CD}.Release|Any CPU.Build.0 = Release|Any CPU
		{863FA516-3AE4-4033-86EB-5D3DD92F12CE}.Debug|Any CPU.ActiveCfg = Debug|Any CPU
		{863FA516-3AE4-4033-86EB-5D3DD92F12CE}.Debug|Any CPU.Build.0 = Debug|Any CPU
		{863FA516-3AE4-4033-86EB-5D3DD92F12CE}.Release|Any CPU.ActiveCfg = Release|Any CPU
		{863FA516-3AE4-4033-86EB-5D3DD92F12CE}.Release|Any CPU.Build.0 = Release|Any CPU
		{3027BD13-9AA3-4DBE-A757-9120963D3838}.Debug|Any CPU.ActiveCfg = Debug|Any CPU
		{3027BD13-9AA3-4DBE-A757-9120963D3838}.Debug|Any CPU.Build.0 = Debug|Any CPU
		{3027BD13-9AA3-4DBE-A757-9120963D3838}.Release|Any CPU.ActiveCfg = Release|Any CPU
		{3027BD13-9AA3-4DBE-A757-9120963D3838}.Release|Any CPU.Build.0 = Release|Any CPU
	EndGlobalSection
	GlobalSection(SolutionProperties) = preSolution
		HideSolutionNode = FALSE
	EndGlobalSection
	GlobalSection(ExtensibilityGlobals) = postSolution
		SolutionGuid = {8C020398-73E8-4A4F-B8F3-8E47971FCD0F}
	EndGlobalSection
EndGlobal
